github.com/creack/goselect v0.1.2 h1:2DNy14+JPjRBgPzAd1thbQp4BSIihxcBf0IXhQXDRa0=
github.com/creack/goselect v0.1.2/go.mod h1:a/NhLweNvqIYMuxcMOuWY516Cimucms3DglDzQP3hKY=
github.com/google/shlex v0.0.0-20191202100458-e7afc7fbc510 h1:El6M4kTTCOh6aBiKaUGG7oYTSPP8MxqL4YI3kZKwcP4=
github.com/google/shlex v0.0.0-20191202100458-e7afc7fbc510/go.mod h1:pupxD2MaaD3pAXIBCelhxNneeOaAeabZDe5s4K6zSpQ=
github.com/soypat/natiu-mqtt v0.6.0 h1:ddrem9iAqFYtQOx2C7AhCizhPXXmGZs1T5fkvLroPO4=
github.com/soypat/natiu-mqtt v0.6.0/go.mod h1:xEta+cwop9izVCW7xOx2W+ct9PRMqr0gNVkvBPnQTc4=
go.bug.st/serial v1.6.4 h1:7FmqNPgVp3pu2Jz5PoPtbZ9jJO5gnEnZIvnI1lzve8A=
go.bug.st/serial v1.6.4/go.mod h1:nofMJxTeNVny/m6+KaafC6vJGj3miwQZ6vW4BZUGJPI=
golang.org/x/sys v0.19.0 h1:q5f1RH2jigJ1MoAWp2KTp3gm5zAGFUTarQZ5U386+4o=
golang.org/x/sys v0.19.0/go.mod h1:/VUhepiaJMQUp4+oa/7Zr1D23ma6VTLIYjOOTFZPUcA=
tinygo.org/x/drivers v0.34.1-0.20260411162947-0034fc511a33 h1:SRKs2eKoMHFSaZPz5pMAUfDLjg1IgdK5r9KbvUjfJyQ=
tinygo.org/x/drivers v0.34.1-0.20260411162947-0034fc511a33/go.mod h1:DQgKyHkB4G6IEOKVTAjApbKnWGwESN91EVJO+nMOE9Y=
